
Microsoft Visual Studio Solution File, Format Version 12.00
# Visual Studio Version 17
VisualStudioVersion = 17.14.36930.0 d17.14
MinimumVisualStudioVersion = 10.0.40219.1
Project("{FAE04EC0-301F-11D3-BF4B-00C04F79EFBC}") = "Lab_7_2", "Lab_7_2.csproj", "{594C91FA-56C1-4FF4-94F1-440F0949259C}"
EndProject
Global
	GlobalSection(SolutionConfigurationPlatforms) = preSolution
		Debug|Any CPU = Debug|Any CPU
		Release|Any CPU = Release|Any CPU
	EndGlobalSection
	GlobalSection(ProjectConfigurationPlatforms) = postSolution
		{594C91FA-56C1-4FF4-94F1-440F0949259C}.Debug|Any CPU.ActiveCfg = Debug|Any CPU
		{594C91FA-56C1-4FF4-94F1-440F0949259C}.Debug|Any CPU.Build.0 = Debug|Any CPU
		{594C91FA-56C1-4FF4-94F1-440F0949259C}.Release|Any CPU.ActiveCfg = Release|Any CPU
		{594C91FA-56C1-4FF4-94F1-440F0949259C}.Release|Any CPU.Build.0 = Release|Any CPU
	EndGlobalSection
	GlobalSection(SolutionProperties) = preSolution
		HideSolutionNode = FALSE
	EndGlobalSection
	GlobalSection(ExtensibilityGlobals) = postSolution
		SolutionGuid = {B7E782E6-7CBC-4341-B34E-9FF619D772D7}
	EndGlobalSection
EndGlobal
